# This file is automatically @generated by Cargo.
# It is not intended for manual editing.
version = 4

[[package]]
name = "advent_of_code_2025"
version = "0.1.0"
dependencies = [
 "z3",
]

[[package]]
name = "log"
version = "0.4.29"
source = "registry+https://github.com/rust-lang/crates.io-index"
checksum = "5e5032e24019045c762d3c0f28f5b6b8bbf38563a65908389bf7978758920897"

[[package]]
name = "pkg-config"
version = "0.3.33"
source = "registry+https://github.com/rust-lang/crates.io-index"
checksum = "19f132c84eca552bf34cab8ec81f1c1dcc229b811638f9d283dceabe58c5569e"

[[package]]
name = "z3"
version = "0.20.0"
source = "registry+https://github.com/rust-lang/crates.io-index"
checksum = "c9fc44c9d6bb9fe84c03dfff211cf4c9c8cfefa2de8b803facf7305067d21a23"
dependencies = [
 "log",
 "z3-sys",
]

[[package]]
name = "z3-sys"
version = "0.11.0"
source = "registry+https://github.com/rust-lang/crates.io-index"
checksum = "c18b0a91a13522d21b3414847667de2b2056a721a3edcb5b6ee6858352d58db4"
dependencies = [
 "pkg-config",
]
